
Microsoft Visual Studio Solution File, Format Version 12.00
# Visual Studio Version 17
VisualStudioVersion = 17.5.33516.290
MinimumVisualStudioVersion = 10.0.40219.1
Project("{9A19103F-16F7-4668-BE54-9A1E7A4F7556}") = "CleanArch.Mvc", "Presentation\CleanArch.Mvc.csproj", "{F77F1396-4DE8-42B7-817C-A554B32F4DCF}"
EndProject
Project("{9A19103F-16F7-4668-BE54-9A1E7A4F7556}") = "CleanArch.Domain", "Domain\CleanArch.Domain.csproj", "{D645895E-F3CC-478B-AF92-CA9E687ED56C}"
EndProject
Project("{9A19103F-16F7-4668-BE54-9A1E7A4F7556}") = "CleanArch.Infra.Data", "Infrastructure.Data\CleanArch.Infra.Data.csproj", "{D497F406-4FA6-426E-AB69-06E171D0DF50}"
EndProject
Project("{FAE04EC0-301F-11D3-BF4B-00C04F79EFBC}") = "CleanArch.Application", "Application\CleanArch.Application.csproj", "{FB924051-6276-45B0-A429-95F198D1C78F}"
EndProject
Global
	GlobalSection(SolutionConfigurationPlatforms) = preSolution
		Debug|Any CPU = Debug|Any CPU
		Release|Any CPU = Release|Any CPU
	EndGlobalSection
	GlobalSection(ProjectConfigurationPlatforms) = postSolution
		{F77F1396-4DE8-42B7-817C-A554B32F4DCF}.Debug|Any CPU.ActiveCfg = Debug|Any CPU
		{F77F1396-4DE8-42B7-817C-A554B32F4DCF}.Debug|Any CPU.Build.0 = Debug|Any CPU
		{F77F1396-4DE8-42B7-817C-A554B32F4DCF}.Release|Any CPU.ActiveCfg = Release|Any CPU
		{F77F1396-4DE8-42B7-817C-A554B32F4DCF}.Release|Any CPU.Build.0 = Release|Any CPU
		{D645895E-F3CC-478B-AF92-CA9E687ED56C}.Debug|Any CPU.ActiveCfg = Debug|Any CPU
		{D645895E-F3CC-478B-AF92-CA9E687ED56C}.Debug|Any CPU.Build.0 = Debug|Any CPU
		{D645895E-F3CC-478B-AF92-CA9E687ED56C}.Release|Any CPU.ActiveCfg = Release|Any CPU
		{D645895E-F3CC-478B-AF92-CA9E687ED56C}.Release|Any CPU.Build.0 = Release|Any CPU
		{D497F406-4FA6-426E-AB69-06E171D0DF50}.Debug|Any CPU.ActiveCfg = Debug|Any CPU
		{D497F406-4FA6-426E-AB69-06E171D0DF50}.Debug|Any CPU.Build.0 = Debug|Any CPU
		{D497F406-4FA6-426E-AB69-06E171D0DF50}.Release|Any CPU.ActiveCfg = Release|Any CPU
		{D497F406-4FA6-426E-AB69-06E171D0DF50}.Release|Any CPU.Build.0 = Release|Any CPU
		{FB924051-6276-45B0-A429-95F198D1C78F}.Debug|Any CPU.ActiveCfg = Debug|Any CPU
		{FB924051-6276-45B0-A429-95F198D1C78F}.Debug|Any CPU.Build.0 = Debug|Any CPU
		{FB924051-6276-45B0-A429-95F198D1C78F}.Release|Any CPU.ActiveCfg = Release|Any CPU
		{FB924051-6276-45B0-A429-95F198D1C78F}.Release|Any CPU.Build.0 = Release|Any CPU
	EndGlobalSection
	GlobalSection(SolutionProperties) = preSolution
		HideSolutionNode = FALSE
	EndGlobalSection
	GlobalSection(NestedProjects) = preSolution
		{F77F1396-4DE8-42B7-817C-A554B32F4DCF} = {6A5F6A29-E843-44B1-9539-C4A98B03140C}
		{D645895E-F3CC-478B-AF92-CA9E687ED56C} = {DC2BB1E6-231B-4E0A-824B-A325B868CAB3}
		{D497F406-4FA6-426E-AB69-06E171D0DF50} = {EEB963B7-EFC5-425A-A6C6-AF326B504D45}
		{FB924051-6276-45B0-A429-95F198D1C78F} = {D0D89DA1-45E8-4A87-9C3E-E018EA4066B2}
	EndGlobalSection
	GlobalSection(ExtensibilityGlobals) = postSolution
		SolutionGuid = {A463EDD8-4D66-4166-A78E-8578F5F8007B}
	EndGlobalSection
EndGlobal
